
Microsoft Visual Studio Solution File, Format Version 12.00
# Visual Studio Version 17
VisualStudioVersion = 17.11.35208.52
MinimumVisualStudioVersion = 10.0.40219.1
Project("{FAE04EC0-301F-11D3-BF4B-00C04F79EFBC}") = "HagagCompany", "HagagCompany\HagagCompany.csproj", "{4EE20374-3B59-4E13-8926-D8AC1DA35B89}"
EndProject
Global
	GlobalSection(SolutionConfigurationPlatforms) = preSolution
		Debug|Any CPU = Debug|Any CPU
		Release|Any CPU = Release|Any CPU
	EndGlobalSection
	GlobalSection(ProjectConfigurationPlatforms) = postSolution
		{4EE20374-3B59-4E13-8926-D8AC1DA35B89}.Debug|Any CPU.ActiveCfg = Debug|Any CPU
		{4EE20374-3B59-4E13-8926-D8AC1DA35B89}.Debug|Any CPU.Build.0 = Debug|Any CPU
		{4EE20374-3B59-4E13-8926-D8AC1DA35B89}.Release|Any CPU.ActiveCfg = Release|Any CPU
		{4EE20374-3B59-4E13-8926-D8AC1DA35B89}.Release|Any CPU.Build.0 = Release|Any CPU
	EndGlobalSection
	GlobalSection(SolutionProperties) = preSolution
		HideSolutionNode = FALSE
	EndGlobalSection
	GlobalSection(ExtensibilityGlobals) = postSolution
		SolutionGuid = {BDC3658B-8254-4333-87D0-2E42CF4CA62E}
	EndGlobalSection
EndGlobal
